{
  "name": "tippekonk",
  "lockfileVersion": 3,
  "requires": true,
  "packages": {
    "": {
      "dependencies": {
        "randoma11y": "^1.0.0"
      }
    },
    "node_modules/randoma11y": {
      "version": "1.0.0",
      "resolved": "https://registry.npmjs.org/randoma11y/-/randoma11y-1.0.0.tgz",
      "integrity": "sha512-HK16F3GLtrs3oAY3mE2OHxaWByVofpypY6e2grP1M0GT/LRDlBMjIMg6jD8XooF+60WKXUI6j52qCiarhufdWg==",
      "license": "MIT",
      "engines": {
        "node": ">=14"
      }
    }
  }
}
